
Microsoft Visual Studio Solution File, Format Version 12.00
# Visual Studio Version 16
VisualStudioVersion = 16.0.31205.134
MinimumVisualStudioVersion = 10.0.40219.1
Project("{FAE04EC0-301F-11D3-BF4B-00C04F79EFBC}") = "Msit133WebAPi", "Msit133WebAPi\Msit133WebAPi.csproj", "{61EFFF7B-668C-4445-9F6E-AA31C4F02A39}"
EndProject
Global
	GlobalSection(SolutionConfigurationPlatforms) = preSolution
		Debug|Any CPU = Debug|Any CPU
		Release|Any CPU = Release|Any CPU
	EndGlobalSection
	GlobalSection(ProjectConfigurationPlatforms) = postSolution
		{61EFFF7B-668C-4445-9F6E-AA31C4F02A39}.Debug|Any CPU.ActiveCfg = Debug|Any CPU
		{61EFFF7B-668C-4445-9F6E-AA31C4F02A39}.Debug|Any CPU.Build.0 = Debug|Any CPU
		{61EFFF7B-668C-4445-9F6E-AA31C4F02A39}.Release|Any CPU.ActiveCfg = Release|Any CPU
		{61EFFF7B-668C-4445-9F6E-AA31C4F02A39}.Release|Any CPU.Build.0 = Release|Any CPU
	EndGlobalSection
	GlobalSection(SolutionProperties) = preSolution
		HideSolutionNode = FALSE
	EndGlobalSection
	GlobalSection(ExtensibilityGlobals) = postSolution
		SolutionGuid = {4FA00ED9-99A6-41FF-97EB-56B978AEA3DC}
	EndGlobalSection
EndGlobal
